// !$*UTF8*$!
{
	archiveVersion = 1;
	classes = {
	};
	objectVersion = 46;
	objects = {

/* Begin PBXBuildFile section */
		239D0E76615B9A6EA9BEEDDC /* Pods_IBLNetAssistant.framework in Frameworks */ = {isa = PBXBuildFile; fileRef = 798540E67217C4FB7768D696 /* Pods_IBLNetAssistant.framework */; };
		260000321F321A3000FB8E26 /* PFSLocationManager.swift in Sources */ = {isa = PBXBuildFile; fileRef = 260000311F321A3000FB8E26 /* PFSLocationManager.swift */; };
		260000361F33510E00FB8E26 /* IBLRegisterViewController.swift in Sources */ = {isa = PBXBuildFile; fileRef = 260000351F33510A00FB8E26 /* IBLRegisterViewController.swift */; };
		2606F2FF1F1FB216002477E2 /* Extension+PFSDomain.swift in Sources */ = {isa = PBXBuildFile; fileRef = 2606F2FE1F1FB216002477E2 /* Extension+PFSDomain.swift */; };
		2624C7811F279D3200EFFF1C /* IBLMessageViewController.swift in Sources */ = {isa = PBXBuildFile; fileRef = 2624C7801F279D3200EFFF1C /* IBLMessageViewController.swift */; };
		2624C7831F279D3C00EFFF1C /* IBLSettingViewController.swift in Sources */ = {isa = PBXBuildFile; fileRef = 2624C7821F279D3C00EFFF1C /* IBLSettingViewController.swift */; };
		2624C7871F27AABA00EFFF1C /* IBLWebDomain.swift in Sources */ = {isa = PBXBuildFile; fileRef = 2624C7861F27AABA00EFFF1C /* IBLWebDomain.swift */; };
		2624C7891F27ADA400EFFF1C /* IBLMainDomain.swift in Sources */ = {isa = PBXBuildFile; fileRef = 2624C7881F27ADA400EFFF1C /* IBLMainDomain.swift */; };
		26258CE31F1514CA00FA318F /* IBLSchoolViewController.swift in Sources */ = {isa = PBXBuildFile; fileRef = 26258CE21F1514CA00FA318F /* IBLSchoolViewController.swift */; };
		2627BB1E1F2F7B26007EA719 /* IBLForgetPasswordViewController.swift in Sources */ = {isa = PBXBuildFile; fileRef = 2627BB1D1F2F7B26007EA719 /* IBLForgetPasswordViewController.swift */; };
		2627BB201F2F8561007EA719 /* IBLForgetPasswordDomain.swift in Sources */ = {isa = PBXBuildFile; fileRef = 2627BB1F1F2F8561007EA719 /* IBLForgetPasswordDomain.swift */; };
		2627BB221F2F857D007EA719 /* IBLExchagePasswordViewController.swift in Sources */ = {isa = PBXBuildFile; fileRef = 2627BB211F2F857D007EA719 /* IBLExchagePasswordViewController.swift */; };
		263019F91EE53AA80002061E /* IBLLoginViewController.swift in Sources */ = {isa = PBXBuildFile; fileRef = 263019F81EE53AA80002061E /* IBLLoginViewController.swift */; };
		263019FB1EE53ADB0002061E /* IBLLoginViewModel.swift in Sources */ = {isa = PBXBuildFile; fileRef = 263019FA1EE53ADB0002061E /* IBLLoginViewModel.swift */; };
		263019FF1EE5474F0002061E /* IBLAPITarget.swift in Sources */ = {isa = PBXBuildFile; fileRef = 263019FE1EE5474F0002061E /* IBLAPITarget.swift */; };
		263029B31F3352A3005AE238 /* IBLRegisterDomain.swift in Sources */ = {isa = PBXBuildFile; fileRef = 263029B21F3352A3005AE238 /* IBLRegisterDomain.swift */; };
		263477F31F091B1E0074D89C /* IBLTabBarController.swift in Sources */ = {isa = PBXBuildFile; fileRef = 263477F21F091B1E0074D89C /* IBLTabBarController.swift */; };
		263477FA1F092C0E0074D89C /* Backup.storyboard in Resources */ = {isa = PBXBuildFile; fileRef = 263477F81F092C0E0074D89C /* Backup.storyboard */; };
		263F98441F30CFEA00906749 /* IBLExchangePasswordViewModel.swift in Sources */ = {isa = PBXBuildFile; fileRef = 263F98431F30CFEA00906749 /* IBLExchangePasswordViewModel.swift */; };
		263F98461F30D02F00906749 /* IBLExchangePasswordDomain.swift in Sources */ = {isa = PBXBuildFile; fileRef = 263F98451F30D02F00906749 /* IBLExchangePasswordDomain.swift */; };
		266BE77A1F44781B00413E90 /* IBLOnline.swift in Sources */ = {isa = PBXBuildFile; fileRef = 266BE7791F44781B00413E90 /* IBLOnline.swift */; };
		26BDD0C51F2A3DF200125CDA /* IBLSettingDomain.swift in Sources */ = {isa = PBXBuildFile; fileRef = 26BDD0C41F2A3DF200125CDA /* IBLSettingDomain.swift */; };
		26BDD0C71F2A3EC600125CDA /* IBLSettingViewModel.swift in Sources */ = {isa = PBXBuildFile; fileRef = 26BDD0C61F2A3EC600125CDA /* IBLSettingViewModel.swift */; };
		26D580D91F45D58C000E6AD8 /* IBLOnlineTableViewCell.swift in Sources */ = {isa = PBXBuildFile; fileRef = 26D580D71F45D58C000E6AD8 /* IBLOnlineTableViewCell.swift */; };
		26D580DA1F45D58C000E6AD8 /* IBLOnlineTableViewCell.xib in Resources */ = {isa = PBXBuildFile; fileRef = 26D580D81F45D58C000E6AD8 /* IBLOnlineTableViewCell.xib */; };
		26D580DD1F45D5C3000E6AD8 /* IBLOnlineTableViewController.swift in Sources */ = {isa = PBXBuildFile; fileRef = 26D580DB1F45D5C3000E6AD8 /* IBLOnlineTableViewController.swift */; };
		26D580DE1F45D5C3000E6AD8 /* IBLOnlineTableViewController.xib in Resources */ = {isa = PBXBuildFile; fileRef = 26D580DC1F45D5C3000E6AD8 /* IBLOnlineTableViewController.xib */; };
		26D8ACF81F1B6CEB00C2AC8F /* IBLRootDomain.swift in Sources */ = {isa = PBXBuildFile; fileRef = 26D8ACF71F1B6CEB00C2AC8F /* IBLRootDomain.swift */; };
		26E567A51F1A3DE200A5CD31 /* IBLUser.swift in Sources */ = {isa = PBXBuildFile; fileRef = 26E567A41F1A3DE200A5CD31 /* IBLUser.swift */; };
		26F9497E1EDE935900E81192 /* IBLAppDelegate.swift in Sources */ = {isa = PBXBuildFile; fileRef = 26F9497D1EDE935900E81192 /* IBLAppDelegate.swift */; };
		26F949831EDE935900E81192 /* Main.storyboard in Resources */ = {isa = PBXBuildFile; fileRef = 26F949811EDE935900E81192 /* Main.storyboard */; };
		26F949851EDE935900E81192 /* Assets.xcassets in Resources */ = {isa = PBXBuildFile; fileRef = 26F949841EDE935900E81192 /* Assets.xcassets */; };
		26F949881EDE935900E81192 /* LaunchScreen.storyboard in Resources */ = {isa = PBXBuildFile; fileRef = 26F949861EDE935900E81192 /* LaunchScreen.storyboard */; };
		26F949931EDE935900E81192 /* IBLNetAssistantTests.swift in Sources */ = {isa = PBXBuildFile; fileRef = 26F949921EDE935900E81192 /* IBLNetAssistantTests.swift */; };
		26F9499E1EDE935900E81192 /* IBLNetAssistantUITests.swift in Sources */ = {isa = PBXBuildFile; fileRef = 26F9499D1EDE935900E81192 /* IBLNetAssistantUITests.swift */; };
		26FE23791F1627BE007A53DF /* IBLSchoolViewModel.swift in Sources */ = {isa = PBXBuildFile; fileRef = 26FE23781F1627BE007A53DF /* IBLSchoolViewModel.swift */; };
		26FE237B1F16289B007A53DF /* IBLSchoolDomain.swift in Sources */ = {isa = PBXBuildFile; fileRef = 26FE237A1F16289B007A53DF /* IBLSchoolDomain.swift */; };
		26FE237D1F16295F007A53DF /* IBLSchool.swift in Sources */ = {isa = PBXBuildFile; fileRef = 26FE237C1F16295F007A53DF /* IBLSchool.swift */; };
		26FE237F1F162F10007A53DF /* IBLLoginDomain.swift in Sources */ = {isa = PBXBuildFile; fileRef = 26FE237E1F162F10007A53DF /* IBLLoginDomain.swift */; };
		26FE23811F16366E007A53DF /* IBLDataRepository.swift in Sources */ = {isa = PBXBuildFile; fileRef = 26FE23801F16366E007A53DF /* IBLDataRepository.swift */; };
		317D97B6446A61DB453C02D5 /* Pods_IBLNetAssistantUITests.framework in Frameworks */ = {isa = PBXBuildFile; fileRef = 9ADC68C4929D33C87D4B522F /* Pods_IBLNetAssistantUITests.framework */; };
		57F34FFBECD24AF5F71B2A5F /* Pods_IBLNetAssistantTests.framework in Frameworks */ = {isa = PBXBuildFile; fileRef = E9864696CFA534DF12EA057A /* Pods_IBLNetAssistantTests.framework */; };
		5B875197097BB06BEB97D8EE /* IBLRootViewController.swift in Sources */ = {isa = PBXBuildFile; fileRef = 5B8757051C5D0378807398BB /* IBLRootViewController.swift */; };
		5B8752D122E779B8E0EE29AA /* IBLForgetPasswordViewModel.swift in Sources */ = {isa = PBXBuildFile; fileRef = 5B875EBC34AD49BE40F8D82C /* IBLForgetPasswordViewModel.swift */; };
		5B8754E8747EE9AB0B7850E5 /* IBLRootViewModel.swift in Sources */ = {isa = PBXBuildFile; fileRef = 5B87559639F93442EF92BD86 /* IBLRootViewModel.swift */; };
		5B8758CB64DC71045EB1A22C /* PortalAuth.swift in Sources */ = {isa = PBXBuildFile; fileRef = 5B875FFC4489445C0E288BF2 /* PortalAuth.swift */; };
		5B875D30EC5F0EA6A2F35BA5 /* PFSWebViewController.swift in Sources */ = {isa = PBXBuildFile; fileRef = 5B875BCC06E93D7161D7B5D4 /* PFSWebViewController.swift */; };
/* End PBXBuildFile section */

/* Begin PBXContainerItemProxy section */
		26F9498F1EDE935900E81192 /* PBXContainerItemProxy */ = {
			isa = PBXContainerItemProxy;
			containerPortal = 26F949721EDE935900E81192 /* Project object */;
			proxyType = 1;
			remoteGlobalIDString = 26F949791EDE935900E81192;
			remoteInfo = IBLNetAssistant;
		};
		26F9499A1EDE935900E81192 /* PBXContainerItemProxy */ = {
			isa = PBXContainerItemProxy;
			containerPortal = 26F949721EDE935900E81192 /* Project object */;
			proxyType = 1;
			remoteGlobalIDString = 26F949791EDE935900E81192;
			remoteInfo = IBLNetAssistant;
		};
/* End PBXContainerItemProxy section */

/* Begin PBXFileReference section */
		1BBF0AF86C69FD1FB6AEE6D0 /* Pods-IBLNetAssistantUITests.debug.xcconfig */ = {isa = PBXFileReference; includeInIndex = 1; lastKnownFileType = text.xcconfig; name = "Pods-IBLNetAssistantUITests.debug.xcconfig"; path = "Pods/Target Support Files/Pods-IBLNetAssistantUITests/Pods-IBLNetAssistantUITests.debug.xcconfig"; sourceTree = "<group>"; };
		260000311F321A3000FB8E26 /* PFSLocationManager.swift */ = {isa = PBXFileReference; fileEncoding = 4; lastKnownFileType = sourcecode.swift; path = PFSLocationManager.swift; sourceTree = "<group>"; };
		260000331F321A9700FB8E26 /* IBLNetAssistant-Bridging-Header.h */ = {isa = PBXFileReference; lastKnownFileType = sourcecode.c.h; path = "IBLNetAssistant-Bridging-Header.h"; sourceTree = "<group>"; };
		260000351F33510A00FB8E26 /* IBLRegisterViewController.swift */ = {isa = PBXFileReference; fileEncoding = 4; lastKnownFileType = sourcecode.swift; path = IBLRegisterViewController.swift; sourceTree = "<group>"; };
		2606F2FE1F1FB216002477E2 /* Extension+PFSDomain.swift */ = {isa = PBXFileReference; fileEncoding = 4; lastKnownFileType = sourcecode.swift; path = "Extension+PFSDomain.swift"; sourceTree = "<group>"; };
		2624C7801F279D3200EFFF1C /* IBLMessageViewController.swift */ = {isa = PBXFileReference; fileEncoding = 4; lastKnownFileType = sourcecode.swift; path = IBLMessageViewController.swift; sourceTree = "<group>"; };
		2624C7821F279D3C00EFFF1C /* IBLSettingViewController.swift */ = {isa = PBXFileReference; fileEncoding = 4; lastKnownFileType = sourcecode.swift; path = IBLSettingViewController.swift; sourceTree = "<group>"; };
		2624C7861F27AABA00EFFF1C /* IBLWebDomain.swift */ = {isa = PBXFileReference; fileEncoding = 4; lastKnownFileType = sourcecode.swift; path = IBLWebDomain.swift; sourceTree = "<group>"; };
		2624C7881F27ADA400EFFF1C /* IBLMainDomain.swift */ = {isa = PBXFileReference; fileEncoding = 4; lastKnownFileType = sourcecode.swift; path = IBLMainDomain.swift; sourceTree = "<group>"; };
		26258CE21F1514CA00FA318F /* IBLSchoolViewController.swift */ = {isa = PBXFileReference; fileEncoding = 4; lastKnownFileType = sourcecode.swift; path = IBLSchoolViewController.swift; sourceTree = "<group>"; };
		2627BB1D1F2F7B26007EA719 /* IBLForgetPasswordViewController.swift */ = {isa = PBXFileReference; fileEncoding = 4; lastKnownFileType = sourcecode.swift; path = IBLForgetPasswordViewController.swift; sourceTree = "<group>"; };
		2627BB1F1F2F8561007EA719 /* IBLForgetPasswordDomain.swift */ = {isa = PBXFileReference; fileEncoding = 4; lastKnownFileType = sourcecode.swift; path = IBLForgetPasswordDomain.swift; sourceTree = "<group>"; };
		2627BB211F2F857D007EA719 /* IBLExchagePasswordViewController.swift */ = {isa = PBXFileReference; fileEncoding = 4; lastKnownFileType = sourcecode.swift; path = IBLExchagePasswordViewController.swift; sourceTree = "<group>"; };
		263019F81EE53AA80002061E /* IBLLoginViewController.swift */ = {isa = PBXFileReference; fileEncoding = 4; lastKnownFileType = sourcecode.swift; path = IBLLoginViewController.swift; sourceTree = "<group>"; };
		263019FA1EE53ADB0002061E /* IBLLoginViewModel.swift */ = {isa = PBXFileReference; fileEncoding = 4; lastKnownFileType = sourcecode.swift; path = IBLLoginViewModel.swift; sourceTree = "<group>"; };
		263019FE1EE5474F0002061E /* IBLAPITarget.swift */ = {isa = PBXFileReference; fileEncoding = 4; lastKnownFileType = sourcecode.swift; path = IBLAPITarget.swift; sourceTree = "<group>"; };
		263029B21F3352A3005AE238 /* IBLRegisterDomain.swift */ = {isa = PBXFileReference; fileEncoding = 4; lastKnownFileType = sourcecode.swift; path = IBLRegisterDomain.swift; sourceTree = "<group>"; };
		263477F21F091B1E0074D89C /* IBLTabBarController.swift */ = {isa = PBXFileReference; fileEncoding = 4; lastKnownFileType = sourcecode.swift; path = IBLTabBarController.swift; sourceTree = "<group>"; };
		263477F91F092C0E0074D89C /* Base */ = {isa = PBXFileReference; lastKnownFileType = file.storyboard; name = Base; path = Base.lproj/Backup.storyboard; sourceTree = "<group>"; };
		263F98431F30CFEA00906749 /* IBLExchangePasswordViewModel.swift */ = {isa = PBXFileReference; fileEncoding = 4; lastKnownFileType = sourcecode.swift; path = IBLExchangePasswordViewModel.swift; sourceTree = "<group>"; };
		263F98451F30D02F00906749 /* IBLExchangePasswordDomain.swift */ = {isa = PBXFileReference; fileEncoding = 4; lastKnownFileType = sourcecode.swift; path = IBLExchangePasswordDomain.swift; sourceTree = "<group>"; };
		266BE7791F44781B00413E90 /* IBLOnline.swift */ = {isa = PBXFileReference; fileEncoding = 4; lastKnownFileType = sourcecode.swift; path = IBLOnline.swift; sourceTree = "<group>"; };
		26BDD0C41F2A3DF200125CDA /* IBLSettingDomain.swift */ = {isa = PBXFileReference; fileEncoding = 4; lastKnownFileType = sourcecode.swift; path = IBLSettingDomain.swift; sourceTree = "<group>"; };
		26BDD0C61F2A3EC600125CDA /* IBLSettingViewModel.swift */ = {isa = PBXFileReference; fileEncoding = 4; lastKnownFileType = sourcecode.swift; path = IBLSettingViewModel.swift; sourceTree = "<group>"; };
		26D580D71F45D58C000E6AD8 /* IBLOnlineTableViewCell.swift */ = {isa = PBXFileReference; fileEncoding = 4; lastKnownFileType = sourcecode.swift; path = IBLOnlineTableViewCell.swift; sourceTree = "<group>"; };
		26D580D81F45D58C000E6AD8 /* IBLOnlineTableViewCell.xib */ = {isa = PBXFileReference; fileEncoding = 4; lastKnownFileType = file.xib; path = IBLOnlineTableViewCell.xib; sourceTree = "<group>"; };
		26D580DB1F45D5C3000E6AD8 /* IBLOnlineTableViewController.swift */ = {isa = PBXFileReference; fileEncoding = 4; lastKnownFileType = sourcecode.swift; path = IBLOnlineTableViewController.swift; sourceTree = "<group>"; };
		26D580DC1F45D5C3000E6AD8 /* IBLOnlineTableViewController.xib */ = {isa = PBXFileReference; fileEncoding = 4; lastKnownFileType = file.xib; path = IBLOnlineTableViewController.xib; sourceTree = "<group>"; };
		26D8ACF71F1B6CEB00C2AC8F /* IBLRootDomain.swift */ = {isa = PBXFileReference; fileEncoding = 4; lastKnownFileType = sourcecode.swift; path = IBLRootDomain.swift; sourceTree = "<group>"; };
		26E567A41F1A3DE200A5CD31 /* IBLUser.swift */ = {isa = PBXFileReference; fileEncoding = 4; lastKnownFileType = sourcecode.swift; path = IBLUser.swift; sourceTree = "<group>"; };
		26F9497A1EDE935900E81192 /* IBLNetAssistant.app */ = {isa = PBXFileReference; explicitFileType = wrapper.application; includeInIndex = 0; path = IBLNetAssistant.app; sourceTree = BUILT_PRODUCTS_DIR; };
		26F9497D1EDE935900E81192 /* IBLAppDelegate.swift */ = {isa = PBXFileReference; lastKnownFileType = sourcecode.swift; path = IBLAppDelegate.swift; sourceTree = "<group>"; };
		26F949821EDE935900E81192 /* Base */ = {isa = PBXFileReference; lastKnownFileType = file.storyboard; name = Base; path = Base.lproj/Main.storyboard; sourceTree = "<group>"; };
		26F949841EDE935900E81192 /* Assets.xcassets */ = {isa = PBXFileReference; lastKnownFileType = folder.assetcatalog; path = Assets.xcassets; sourceTree = "<group>"; };
		26F949871EDE935900E81192 /* Base */ = {isa = PBXFileReference; lastKnownFileType = file.storyboard; name = Base; path = Base.lproj/LaunchScreen.storyboard; sourceTree = "<group>"; };
		26F949891EDE935900E81192 /* Info.plist */ = {isa = PBXFileReference; lastKnownFileType = text.plist.xml; path = Info.plist; sourceTree = "<group>"; };
		26F9498E1EDE935900E81192 /* IBLNetAssistantTests.xctest */ = {isa = PBXFileReference; explicitFileType = wrapper.cfbundle; includeInIndex = 0; path = IBLNetAssistantTests.xctest; sourceTree = BUILT_PRODUCTS_DIR; };
		26F949921EDE935900E81192 /* IBLNetAssistantTests.swift */ = {isa = PBXFileReference; lastKnownFileType = sourcecode.swift; path = IBLNetAssistantTests.swift; sourceTree = "<group>"; };
		26F949941EDE935900E81192 /* Info.plist */ = {isa = PBXFileReference; lastKnownFileType = text.plist.xml; path = Info.plist; sourceTree = "<group>"; };
		26F949991EDE935900E81192 /* IBLNetAssistantUITests.xctest */ = {isa = PBXFileReference; explicitFileType = wrapper.cfbundle; includeInIndex = 0; path = IBLNetAssistantUITests.xctest; sourceTree = BUILT_PRODUCTS_DIR; };
		26F9499D1EDE935900E81192 /* IBLNetAssistantUITests.swift */ = {isa = PBXFileReference; lastKnownFileType = sourcecode.swift; path = IBLNetAssistantUITests.swift; sourceTree = "<group>"; };
		26F9499F1EDE935900E81192 /* Info.plist */ = {isa = PBXFileReference; lastKnownFileType = text.plist.xml; path = Info.plist; sourceTree = "<group>"; };
		26FE23781F1627BE007A53DF /* IBLSchoolViewModel.swift */ = {isa = PBXFileReference; fileEncoding = 4; lastKnownFileType = sourcecode.swift; path = IBLSchoolViewModel.swift; sourceTree = "<group>"; };
		26FE237A1F16289B007A53DF /* IBLSchoolDomain.swift */ = {isa = PBXFileReference; fileEncoding = 4; lastKnownFileType = sourcecode.swift; path = IBLSchoolDomain.swift; sourceTree = "<group>"; };
		26FE237C1F16295F007A53DF /* IBLSchool.swift */ = {isa = PBXFileReference; fileEncoding = 4; lastKnownFileType = sourcecode.swift; path = IBLSchool.swift; sourceTree = "<group>"; };
		26FE237E1F162F10007A53DF /* IBLLoginDomain.swift */ = {isa = PBXFileReference; fileEncoding = 4; lastKnownFileType = sourcecode.swift; path = IBLLoginDomain.swift; sourceTree = "<group>"; };
		26FE23801F16366E007A53DF /* IBLDataRepository.swift */ = {isa = PBXFileReference; fileEncoding = 4; lastKnownFileType = sourcecode.swift; path = IBLDataRepository.swift; sourceTree = "<group>"; };
		5B87559639F93442EF92BD86 /* IBLRootViewModel.swift */ = {isa = PBXFileReference; fileEncoding = 4; lastKnownFileType = sourcecode.swift; path = IBLRootViewModel.swift; sourceTree = "<group>"; };
		5B8757051C5D0378807398BB /* IBLRootViewController.swift */ = {isa = PBXFileReference; fileEncoding = 4; lastKnownFileType = sourcecode.swift; path = IBLRootViewController.swift; sourceTree = "<group>"; };
		5B875BCC06E93D7161D7B5D4 /* PFSWebViewController.swift */ = {isa = PBXFileReference; fileEncoding = 4; lastKnownFileType = sourcecode.swift; path = PFSWebViewController.swift; sourceTree = "<group>"; };
		5B875EBC34AD49BE40F8D82C /* IBLForgetPasswordViewModel.swift */ = {isa = PBXFileReference; fileEncoding = 4; lastKnownFileType = sourcecode.swift; path = IBLForgetPasswordViewModel.swift; sourceTree = "<group>"; };
		5B875FFC4489445C0E288BF2 /* PortalAuth.swift */ = {isa = PBXFileReference; fileEncoding = 4; lastKnownFileType = sourcecode.swift; path = PortalAuth.swift; sourceTree = "<group>"; };
		68EC41247E9B863FF4A44F22 /* Pods-IBLNetAssistantUITests.release.xcconfig */ = {isa = PBXFileReference; includeInIndex = 1; lastKnownFileType = text.xcconfig; name = "Pods-IBLNetAssistantUITests.release.xcconfig"; path = "Pods/Target Support Files/Pods-IBLNetAssistantUITests/Pods-IBLNetAssistantUITests.release.xcconfig"; sourceTree = "<group>"; };
		6F6FB8DBDF202031B96D08BB /* Pods-IBLNetAssistant.debug.xcconfig */ = {isa = PBXFileReference; includeInIndex = 1; lastKnownFileType = text.xcconfig; name = "Pods-IBLNetAssistant.debug.xcconfig"; path = "Pods/Target Support Files/Pods-IBLNetAssistant/Pods-IBLNetAssistant.debug.xcconfig"; sourceTree = "<group>"; };
		798540E67217C4FB7768D696 /* Pods_IBLNetAssistant.framework */ = {isa = PBXFileReference; explicitFileType = wrapper.framework; includeInIndex = 0; path = Pods_IBLNetAssistant.framework; sourceTree = BUILT_PRODUCTS_DIR; };
		7B77012C48730505534365DF /* Pods-IBLNetAssistant.release.xcconfig */ = {isa = PBXFileReference; includeInIndex = 1; lastKnownFileType = text.xcconfig; name = "Pods-IBLNetAssistant.release.xcconfig"; path = "Pods/Target Support Files/Pods-IBLNetAssistant/Pods-IBLNetAssistant.release.xcconfig"; sourceTree = "<group>"; };
		9ADC68C4929D33C87D4B522F /* Pods_IBLNetAssistantUITests.framework */ = {isa = PBXFileReference; explicitFileType = wrapper.framework; includeInIndex = 0; path = Pods_IBLNetAssistantUITests.framework; sourceTree = BUILT_PRODUCTS_DIR; };
		CABE148D568FA9D5A8304013 /* Pods-IBLNetAssistantTests.debug.xcconfig */ = {isa = PBXFileReference; includeInIndex = 1; lastKnownFileType = text.xcconfig; name = "Pods-IBLNetAssistantTests.debug.xcconfig"; path = "Pods/Target Support Files/Pods-IBLNetAssistantTests/Pods-IBLNetAssistantTests.debug.xcconfig"; sourceTree = "<group>"; };
		E9864696CFA534DF12EA057A /* Pods_IBLNetAssistantTests.framework */ = {isa = PBXFileReference; explicitFileType = wrapper.framework; includeInIndex = 0; path = Pods_IBLNetAssistantTests.framework; sourceTree = BUILT_PRODUCTS_DIR; };
		FA18A1E945500F1E6FE0C161 /* Pods-IBLNetAssistantTests.release.xcconfig */ = {isa = PBXFileReference; includeInIndex = 1; lastKnownFileType = text.xcconfig; name = "Pods-IBLNetAssistantTests.release.xcconfig"; path = "Pods/Target Support Files/Pods-IBLNetAssistantTests/Pods-IBLNetAssistantTests.release.xcconfig"; sourceTree = "<group>"; };
/* End PBXFileReference section */

/* Begin PBXFrameworksBuildPhase section */
		26F949771EDE935900E81192 /* Frameworks */ = {
			isa = PBXFrameworksBuildPhase;
			buildActionMask = 2147483647;
			files = (
				239D0E76615B9A6EA9BEEDDC /* Pods_IBLNetAssistant.framework in Frameworks */,
			);
			runOnlyForDeploymentPostprocessing = 0;
		};
		26F9498B1EDE935900E81192 /* Frameworks */ = {
			isa = PBXFrameworksBuildPhase;
			buildActionMask = 2147483647;
			files = (
				57F34FFBECD24AF5F71B2A5F /* Pods_IBLNetAssistantTests.framework in Frameworks */,
			);
			runOnlyForDeploymentPostprocessing = 0;
		};
		26F949961EDE935900E81192 /* Frameworks */ = {
			isa = PBXFrameworksBuildPhase;
			buildActionMask = 2147483647;
			files = (
				317D97B6446A61DB453C02D5 /* Pods_IBLNetAssistantUITests.framework in Frameworks */,
			);
			runOnlyForDeploymentPostprocessing = 0;
		};
/* End PBXFrameworksBuildPhase section */

/* Begin PBXGroup section */
		26F949711EDE935900E81192 = {
			isa = PBXGroup;
			children = (
				26F9497C1EDE935900E81192 /* IBLNetAssistant */,
				26F949911EDE935900E81192 /* IBLNetAssistantTests */,
				26F9499C1EDE935900E81192 /* IBLNetAssistantUITests */,
				26F9497B1EDE935900E81192 /* Products */,
				9F732EC2129856AFCD467EE4 /* Pods */,
				B55C2A1CF5A3FF0EE69D0529 /* Frameworks */,
			);
			sourceTree = "<group>";
		};
		26F9497B1EDE935900E81192 /* Products */ = {
			isa = PBXGroup;
			children = (
				26F9497A1EDE935900E81192 /* IBLNetAssistant.app */,
				26F9498E1EDE935900E81192 /* IBLNetAssistantTests.xctest */,
				26F949991EDE935900E81192 /* IBLNetAssistantUITests.xctest */,
			);
			name = Products;
			sourceTree = "<group>";
		};
		26F9497C1EDE935900E81192 /* IBLNetAssistant */ = {
			isa = PBXGroup;
			children = (
				26F9497D1EDE935900E81192 /* IBLAppDelegate.swift */,
				5B875E3C28E3CED33D47350F /* Views */,
				5B87584CE509A4EF17CAB55C /* ViewModels */,
				5B8755E8C304024B57A24CA7 /* Network */,
				5B875DC59459B46E66B09C73 /* Domain */,
				5B875C3F32164542E7965C85 /* Data */,
				5B8758B41A3F85B27F279299 /* Model */,
				26F949811EDE935900E81192 /* Main.storyboard */,
				263477F81F092C0E0074D89C /* Backup.storyboard */,
				26F949841EDE935900E81192 /* Assets.xcassets */,
				260000331F321A9700FB8E26 /* IBLNetAssistant-Bridging-Header.h */,
				26F949861EDE935900E81192 /* LaunchScreen.storyboard */,
				26F949891EDE935900E81192 /* Info.plist */,
			);
			path = IBLNetAssistant;
			sourceTree = "<group>";
		};
		26F949911EDE935900E81192 /* IBLNetAssistantTests */ = {
			isa = PBXGroup;
			children = (
				26F949921EDE935900E81192 /* IBLNetAssistantTests.swift */,
				26F949941EDE935900E81192 /* Info.plist */,
			);
			path = IBLNetAssistantTests;
			sourceTree = "<group>";
		};
		26F9499C1EDE935900E81192 /* IBLNetAssistantUITests */ = {
			isa = PBXGroup;
			children = (
				26F9499D1EDE935900E81192 /* IBLNetAssistantUITests.swift */,
				26F9499F1EDE935900E81192 /* Info.plist */,
			);
			path = IBLNetAssistantUITests;
			sourceTree = "<group>";
		};
		5B8751EB0DCEB03347D492C2 /* Segues */ = {
			isa = PBXGroup;
			children = (
			);
			path = Segues;
			sourceTree = "<group>";
		};
		5B87534E00F174C14A87FE63 /* School */ = {
			isa = PBXGroup;
			children = (
				26258CE21F1514CA00FA318F /* IBLSchoolViewController.swift */,
			);
			path = School;
			sourceTree = "<group>";
		};
		5B8755B550A91E2A51A0D8B3 /* Login */ = {
			isa = PBXGroup;
			children = (
				263019FA1EE53ADB0002061E /* IBLLoginViewModel.swift */,
				5B875EBC34AD49BE40F8D82C /* IBLForgetPasswordViewModel.swift */,
				263F98431F30CFEA00906749 /* IBLExchangePasswordViewModel.swift */,
			);
			path = Login;
			sourceTree = "<group>";
		};
		5B8755E8C304024B57A24CA7 /* Network */ = {
			isa = PBXGroup;
			children = (
				263019FE1EE5474F0002061E /* IBLAPITarget.swift */,
			);
			path = Network;
			sourceTree = "<group>";
		};
		5B87563ACC3B50C129AEB30B /* TabBar */ = {
			isa = PBXGroup;
			children = (
				263477F21F091B1E0074D89C /* IBLTabBarController.swift */,
				5B875CB678E05F3D63D61B58 /* Main */,
			);
			path = TabBar;
			sourceTree = "<group>";
		};
		5B8756F1E1B3CABACE4A1C91 /* TabBar */ = {
			isa = PBXGroup;
			children = (
				5B875B43E9C868A9C0E63A1D /* Main */,
			);
			path = TabBar;
			sourceTree = "<group>";
		};
		5B87584CE509A4EF17CAB55C /* ViewModels */ = {
			isa = PBXGroup;
			children = (
				5B87559639F93442EF92BD86 /* IBLRootViewModel.swift */,
				5B8755B550A91E2A51A0D8B3 /* Login */,
				5B87596A30D6F4E78E9D330A /* School */,
				5B8756F1E1B3CABACE4A1C91 /* TabBar */,
			);
			path = ViewModels;
			sourceTree = "<group>";
		};
		5B8758B41A3F85B27F279299 /* Model */ = {
			isa = PBXGroup;
			children = (
				26FE237C1F16295F007A53DF /* IBLSchool.swift */,
				26E567A41F1A3DE200A5CD31 /* IBLUser.swift */,
				5B875FFC4489445C0E288BF2 /* PortalAuth.swift */,
				266BE7791F44781B00413E90 /* IBLOnline.swift */,
			);
			path = Model;
			sourceTree = "<group>";
		};
		5B87596A30D6F4E78E9D330A /* School */ = {
			isa = PBXGroup;
			children = (
				26FE23781F1627BE007A53DF /* IBLSchoolViewModel.swift */,
			);
			path = School;
			sourceTree = "<group>";
		};
		5B875B43E9C868A9C0E63A1D /* Main */ = {
			isa = PBXGroup;
			children = (
				26BDD0C61F2A3EC600125CDA /* IBLSettingViewModel.swift */,
			);
			path = Main;
			sourceTree = "<group>";
		};
		5B875C1803DE3EF034D74170 /* Login */ = {
			isa = PBXGroup;
			children = (
				263019F81EE53AA80002061E /* IBLLoginViewController.swift */,
				26D580DB1F45D5C3000E6AD8 /* IBLOnlineTableViewController.swift */,
				26D580DC1F45D5C3000E6AD8 /* IBLOnlineTableViewController.xib */,
				26D580D71F45D58C000E6AD8 /* IBLOnlineTableViewCell.swift */,
				26D580D81F45D58C000E6AD8 /* IBLOnlineTableViewCell.xib */,
				2627BB1D1F2F7B26007EA719 /* IBLForgetPasswordViewController.swift */,
				2627BB211F2F857D007EA719 /* IBLExchagePasswordViewController.swift */,
				260000351F33510A00FB8E26 /* IBLRegisterViewController.swift */,
			);
			path = Login;
			sourceTree = "<group>";
		};
		5B875C3F32164542E7965C85 /* Data */ = {
			isa = PBXGroup;
			children = (
				26FE23801F16366E007A53DF /* IBLDataRepository.swift */,
			);
			path = Data;
			sourceTree = "<group>";
		};
		5B875CB678E05F3D63D61B58 /* Main */ = {
			isa = PBXGroup;
			children = (
				2624C7801F279D3200EFFF1C /* IBLMessageViewController.swift */,
				2624C7821F279D3C00EFFF1C /* IBLSettingViewController.swift */,
				5B875BCC06E93D7161D7B5D4 /* PFSWebViewController.swift */,
			);
			path = Main;
			sourceTree = "<group>";
		};
		5B875DC59459B46E66B09C73 /* Domain */ = {
			isa = PBXGroup;
			children = (
				26FE237A1F16289B007A53DF /* IBLSchoolDomain.swift */,
				263029B21F3352A3005AE238 /* IBLRegisterDomain.swift */,
				26FE237E1F162F10007A53DF /* IBLLoginDomain.swift */,
				26D8ACF71F1B6CEB00C2AC8F /* IBLRootDomain.swift */,
				2624C7861F27AABA00EFFF1C /* IBLWebDomain.swift */,
				2606F2FE1F1FB216002477E2 /* Extension+PFSDomain.swift */,
				2624C7881F27ADA400EFFF1C /* IBLMainDomain.swift */,
				26BDD0C41F2A3DF200125CDA /* IBLSettingDomain.swift */,
				2627BB1F1F2F8561007EA719 /* IBLForgetPasswordDomain.swift */,
				263F98451F30D02F00906749 /* IBLExchangePasswordDomain.swift */,
			);
			path = Domain;
			sourceTree = "<group>";
		};
		5B875E3C28E3CED33D47350F /* Views */ = {
			isa = PBXGroup;
			children = (
				260000311F321A3000FB8E26 /* PFSLocationManager.swift */,
				5B8757051C5D0378807398BB /* IBLRootViewController.swift */,
				5B875C1803DE3EF034D74170 /* Login */,
				5B8751EB0DCEB03347D492C2 /* Segues */,
				5B87563ACC3B50C129AEB30B /* TabBar */,
				5B87534E00F174C14A87FE63 /* School */,
			);
			path = Views;
			sourceTree = "<group>";
		};
		9F732EC2129856AFCD467EE4 /* Pods */ = {
			isa = PBXGroup;
			children = (
				6F6FB8DBDF202031B96D08BB /* Pods-IBLNetAssistant.debug.xcconfig */,
				7B77012C48730505534365DF /* Pods-IBLNetAssistant.release.xcconfig */,
				CABE148D568FA9D5A8304013 /* Pods-IBLNetAssistantTests.debug.xcconfig */,
				FA18A1E945500F1E6FE0C161 /* Pods-IBLNetAssistantTests.release.xcconfig */,
				1BBF0AF86C69FD1FB6AEE6D0 /* Pods-IBLNetAssistantUITests.debug.xcconfig */,
				68EC41247E9B863FF4A44F22 /* Pods-IBLNetAssistantUITests.release.xcconfig */,
			);
			name = Pods;
			sourceTree = "<group>";
		};
		B55C2A1CF5A3FF0EE69D0529 /* Frameworks */ = {
			isa = PBXGroup;
			children = (
				798540E67217C4FB7768D696 /* Pods_IBLNetAssistant.framework */,
				E9864696CFA534DF12EA057A /* Pods_IBLNetAssistantTests.framework */,
				9ADC68C4929D33C87D4B522F /* Pods_IBLNetAssistantUITests.framework */,
			);
			name = Frameworks;
			sourceTree = "<group>";
		};
/* End PBXGroup section */

/* Begin PBXNativeTarget section */
		26F949791EDE935900E81192 /* IBLNetAssistant */ = {
			isa = PBXNativeTarget;
			buildConfigurationList = 26F949A21EDE935900E81192 /* Build configuration list for PBXNativeTarget "IBLNetAssistant" */;
			buildPhases = (
				7C059898587BBA165E0CD441 /* [CP] Check Pods Manifest.lock */,
				26F949761EDE935900E81192 /* Sources */,
				26F949771EDE935900E81192 /* Frameworks */,
				26F949781EDE935900E81192 /* Resources */,
				F614FBF4A3241CBFCD3D3290 /* [CP] Embed Pods Frameworks */,
				60E588FD14C648942AB0E5C8 /* [CP] Copy Pods Resources */,
			);
			buildRules = (
			);
			dependencies = (
			);
			name = IBLNetAssistant;
			productName = IBLNetAssistant;
			productReference = 26F9497A1EDE935900E81192 /* IBLNetAssistant.app */;
			productType = "com.apple.product-type.application";
		};
		26F9498D1EDE935900E81192 /* IBLNetAssistantTests */ = {
			isa = PBXNativeTarget;
			buildConfigurationList = 26F949A51EDE935900E81192 /* Build configuration list for PBXNativeTarget "IBLNetAssistantTests" */;
			buildPhases = (
				3AA3301DA2FA08CFF0049F1E /* [CP] Check Pods Manifest.lock */,
				26F9498A1EDE935900E81192 /* Sources */,
				26F9498B1EDE935900E81192 /* Frameworks */,
				26F9498C1EDE935900E81192 /* Resources */,
				4C11611109754FF3B4E3F52F /* [CP] Embed Pods Frameworks */,
				DDA54D3111005C802537623D /* [CP] Copy Pods Resources */,
			);
			buildRules = (
			);
			dependencies = (
				26F949901EDE935900E81192 /* PBXTargetDependency */,
			);
			name = IBLNetAssistantTests;
			productName = IBLNetAssistantTests;
			productReference = 26F9498E1EDE935900E81192 /* IBLNetAssistantTests.xctest */;
			productType = "com.apple.product-type.bundle.unit-test";
		};
		26F949981EDE935900E81192 /* IBLNetAssistantUITests */ = {
			isa = PBXNativeTarget;
			buildConfigurationList = 26F949A81EDE935900E81192 /* Build configuration list for PBXNativeTarget "IBLNetAssistantUITests" */;
			buildPhases = (
				947CB0E2658467383D9E45A7 /* [CP] Check Pods Manifest.lock */,
				26F949951EDE935900E81192 /* Sources */,
				26F949961EDE935900E81192 /* Frameworks */,
				26F949971EDE935900E81192 /* Resources */,
				9B4601C38EF3235AAAB05FE2 /* [CP] Embed Pods Frameworks */,
				FA52110691D6E55176BA991E /* [CP] Copy Pods Resources */,
			);
			buildRules = (
			);
			dependencies = (
				26F9499B1EDE935900E81192 /* PBXTargetDependency */,
			);
			name = IBLNetAssistantUITests;
			productName = IBLNetAssistantUITests;
			productReference = 26F949991EDE935900E81192 /* IBLNetAssistantUITests.xctest */;
			productType = "com.apple.product-type.bundle.ui-testing";
		};
/* End PBXNativeTarget section */

/* Begin PBXProject section */
		26F949721EDE935900E81192 /* Project object */ = {
			isa = PBXProject;
			attributes = {
				LastSwiftUpdateCheck = 0830;
				LastUpgradeCheck = 0830;
				ORGANIZATIONNAME = "李智慧";
				TargetAttributes = {
					26F949791EDE935900E81192 = {
						CreatedOnToolsVersion = 8.3.2;
						DevelopmentTeam = 5R5G2D4E69;
						LastSwiftMigration = 0900;
						ProvisioningStyle = Automatic;
					};
					26F9498D1EDE935900E81192 = {
						CreatedOnToolsVersion = 8.3.2;
						DevelopmentTeam = 5R5G2D4E69;
						LastSwiftMigration = 0900;
						ProvisioningStyle = Automatic;
						TestTargetID = 26F949791EDE935900E81192;
					};
					26F949981EDE935900E81192 = {
						CreatedOnToolsVersion = 8.3.2;
						DevelopmentTeam = 5R5G2D4E69;
						LastSwiftMigration = 0900;
						ProvisioningStyle = Automatic;
						TestTargetID = 26F949791EDE935900E81192;
					};
				};
			};
			buildConfigurationList = 26F949751EDE935900E81192 /* Build configuration list for PBXProject "IBLNetAssistant" */;
			compatibilityVersion = "Xcode 3.2";
			developmentRegion = English;
			hasScannedForEncodings = 0;
			knownRegions = (
				en,
				Base,
			);
			mainGroup = 26F949711EDE935900E81192;
			productRefGroup = 26F9497B1EDE935900E81192 /* Products */;
			projectDirPath = "";
			projectRoot = "";
			targets = (
				26F949791EDE935900E81192 /* IBLNetAssistant */,
				26F9498D1EDE935900E81192 /* IBLNetAssistantTests */,
				26F949981EDE935900E81192 /* IBLNetAssistantUITests */,
			);
		};
/* End PBXProject section */

/* Begin PBXResourcesBuildPhase section */
		26F949781EDE935900E81192 /* Resources */ = {
			isa = PBXResourcesBuildPhase;
			buildActionMask = 2147483647;
			files = (
				26D580DE1F45D5C3000E6AD8 /* IBLOnlineTableViewController.xib in Resources */,
				26D580DA1F45D58C000E6AD8 /* IBLOnlineTableViewCell.xib in Resources */,
				26F949881EDE935900E81192 /* LaunchScreen.storyboard in Resources */,
				26F949851EDE935900E81192 /* Assets.xcassets in Resources */,
				263477FA1F092C0E0074D89C /* Backup.storyboard in Resources */,
				26F949831EDE935900E81192 /* Main.storyboard in Resources */,
			);
			runOnlyForDeploymentPostprocessing = 0;
		};
		26F9498C1EDE935900E81192 /* Resources */ = {
			isa = PBXResourcesBuildPhase;
			buildActionMask = 2147483647;
			files = (
			);
			runOnlyForDeploymentPostprocessing = 0;
		};
		26F949971EDE935900E81192 /* Resources */ = {
			isa = PBXResourcesBuildPhase;
			buildActionMask = 2147483647;
			files = (
			);
			runOnlyForDeploymentPostprocessing = 0;
		};
/* End PBXResourcesBuildPhase section */

/* Begin PBXShellScriptBuildPhase section */
		3AA3301DA2FA08CFF0049F1E /* [CP] Check Pods Manifest.lock */ = {
			isa = PBXShellScriptBuildPhase;
			buildActionMask = 2147483647;
			files = (
			);
			inputPaths = (
			);
			name = "[CP] Check Pods Manifest.lock";
			outputPaths = (
			);
			runOnlyForDeploymentPostprocessing = 0;
			shellPath = /bin/sh;
			shellScript = "diff \"${PODS_PODFILE_DIR_PATH}/Podfile.lock\" \"${PODS_ROOT}/Manifest.lock\" > /dev/null\nif [ $? != 0 ] ; then\n    # print error to STDERR\n    echo \"error: The sandbox is not in sync with the Podfile.lock. Run 'pod install' or update your CocoaPods installation.\" >&2\n    exit 1\nfi\n";
			showEnvVarsInLog = 0;
		};
		4C11611109754FF3B4E3F52F /* [CP] Embed Pods Frameworks */ = {
			isa = PBXShellScriptBuildPhase;
			buildActionMask = 2147483647;
			files = (
			);
			inputPaths = (
			);
			name = "[CP] Embed Pods Frameworks";
			outputPaths = (
			);
			runOnlyForDeploymentPostprocessing = 0;
			shellPath = /bin/sh;
			shellScript = "\"${SRCROOT}/Pods/Target Support Files/Pods-IBLNetAssistantTests/Pods-IBLNetAssistantTests-frameworks.sh\"\n";
			showEnvVarsInLog = 0;
		};
		60E588FD14C648942AB0E5C8 /* [CP] Copy Pods Resources */ = {
			isa = PBXShellScriptBuildPhase;
			buildActionMask = 2147483647;
			files = (
			);
			inputPaths = (
			);
			name = "[CP] Copy Pods Resources";
			outputPaths = (
			);
			runOnlyForDeploymentPostprocessing = 0;
			shellPath = /bin/sh;
			shellScript = "\"${SRCROOT}/Pods/Target Support Files/Pods-IBLNetAssistant/Pods-IBLNetAssistant-resources.sh\"\n";
			showEnvVarsInLog = 0;
		};
		7C059898587BBA165E0CD441 /* [CP] Check Pods Manifest.lock */ = {
			isa = PBXShellScriptBuildPhase;
			buildActionMask = 2147483647;
			files = (
			);
			inputPaths = (
			);
			name = "[CP] Check Pods Manifest.lock";
			outputPaths = (
			);
			runOnlyForDeploymentPostprocessing = 0;
			shellPath = /bin/sh;
			shellScript = "diff \"${PODS_PODFILE_DIR_PATH}/Podfile.lock\" \"${PODS_ROOT}/Manifest.lock\" > /dev/null\nif [ $? != 0 ] ; then\n    # print error to STDERR\n    echo \"error: The sandbox is not in sync with the Podfile.lock. Run 'pod install' or update your CocoaPods installation.\" >&2\n    exit 1\nfi\n";
			showEnvVarsInLog = 0;
		};
		947CB0E2658467383D9E45A7 /* [CP] Check Pods Manifest.lock */ = {
			isa = PBXShellScriptBuildPhase;
			buildActionMask = 2147483647;
			files = (
			);
			inputPaths = (
			);
			name = "[CP] Check Pods Manifest.lock";
			outputPaths = (
			);
			runOnlyForDeploymentPostprocessing = 0;
			shellPath = /bin/sh;
			shellScript = "diff \"${PODS_PODFILE_DIR_PATH}/Podfile.lock\" \"${PODS_ROOT}/Manifest.lock\" > /dev/null\nif [ $? != 0 ] ; then\n    # print error to STDERR\n    echo \"error: The sandbox is not in sync with the Podfile.lock. Run 'pod install' or update your CocoaPods installation.\" >&2\n    exit 1\nfi\n";
			showEnvVarsInLog = 0;
		};
		9B4601C38EF3235AAAB05FE2 /* [CP] Embed Pods Frameworks */ = {
			isa = PBXShellScriptBuildPhase;
			buildActionMask = 2147483647;
			files = (
			);
			inputPaths = (
			);
			name = "[CP] Embed Pods Frameworks";
			outputPaths = (
			);
			runOnlyForDeploymentPostprocessing = 0;
			shellPath = /bin/sh;
			shellScript = "\"${SRCROOT}/Pods/Target Support Files/Pods-IBLNetAssistantUITests/Pods-IBLNetAssistantUITests-frameworks.sh\"\n";
			showEnvVarsInLog = 0;
		};
		DDA54D3111005C802537623D /* [CP] Copy Pods Resources */ = {
			isa = PBXShellScriptBuildPhase;
			buildActionMask = 2147483647;
			files = (
			);
			inputPaths = (
			);
			name = "[CP] Copy Pods Resources";
			outputPaths = (
			);
			runOnlyForDeploymentPostprocessing = 0;
			shellPath = /bin/sh;
			shellScript = "\"${SRCROOT}/Pods/Target Support Files/Pods-IBLNetAssistantTests/Pods-IBLNetAssistantTests-resources.sh\"\n";
			showEnvVarsInLog = 0;
		};
		F614FBF4A3241CBFCD3D3290 /* [CP] Embed Pods Frameworks */ = {
			isa = PBXShellScriptBuildPhase;
			buildActionMask = 2147483647;
			files = (
			);
			inputPaths = (
			);
			name = "[CP] Embed Pods Frameworks";
			outputPaths = (
			);
			runOnlyForDeploymentPostprocessing = 0;
			shellPath = /bin/sh;
			shellScript = "\"${SRCROOT}/Pods/Target Support Files/Pods-IBLNetAssistant/Pods-IBLNetAssistant-frameworks.sh\"\n";
			showEnvVarsInLog = 0;
		};
		FA52110691D6E55176BA991E /* [CP] Copy Pods Resources */ = {
			isa = PBXShellScriptBuildPhase;
			buildActionMask = 2147483647;
			files = (
			);
			inputPaths = (
			);
			name = "[CP] Copy Pods Resources";
			outputPaths = (
			);
			runOnlyForDeploymentPostprocessing = 0;
			shellPath = /bin/sh;
			shellScript = "\"${SRCROOT}/Pods/Target Support Files/Pods-IBLNetAssistantUITests/Pods-IBLNetAssistantUITests-resources.sh\"\n";
			showEnvVarsInLog = 0;
		};
/* End PBXShellScriptBuildPhase section */

/* Begin PBXSourcesBuildPhase section */
		26F949761EDE935900E81192 /* Sources */ = {
			isa = PBXSourcesBuildPhase;
			buildActionMask = 2147483647;
			files = (
				263019FF1EE5474F0002061E /* IBLAPITarget.swift in Sources */,
				2624C7831F279D3C00EFFF1C /* IBLSettingViewController.swift in Sources */,
				26FE237B1F16289B007A53DF /* IBLSchoolDomain.swift in Sources */,
				26FE237D1F16295F007A53DF /* IBLSchool.swift in Sources */,
				266BE77A1F44781B00413E90 /* IBLOnline.swift in Sources */,
				263019F91EE53AA80002061E /* IBLLoginViewController.swift in Sources */,
				263029B31F3352A3005AE238 /* IBLRegisterDomain.swift in Sources */,
				260000321F321A3000FB8E26 /* PFSLocationManager.swift in Sources */,
				26BDD0C71F2A3EC600125CDA /* IBLSettingViewModel.swift in Sources */,
				26F9497E1EDE935900E81192 /* IBLAppDelegate.swift in Sources */,
				26D580D91F45D58C000E6AD8 /* IBLOnlineTableViewCell.swift in Sources */,
				26D8ACF81F1B6CEB00C2AC8F /* IBLRootDomain.swift in Sources */,
				263477F31F091B1E0074D89C /* IBLTabBarController.swift in Sources */,
				2627BB221F2F857D007EA719 /* IBLExchagePasswordViewController.swift in Sources */,
				2627BB201F2F8561007EA719 /* IBLForgetPasswordDomain.swift in Sources */,
				2627BB1E1F2F7B26007EA719 /* IBLForgetPasswordViewController.swift in Sources */,
				26FE23811F16366E007A53DF /* IBLDataRepository.swift in Sources */,
				26BDD0C51F2A3DF200125CDA /* IBLSettingDomain.swift in Sources */,
				263F98441F30CFEA00906749 /* IBLExchangePasswordViewModel.swift in Sources */,
				26E567A51F1A3DE200A5CD31 /* IBLUser.swift in Sources */,
				26D580DD1F45D5C3000E6AD8 /* IBLOnlineTableViewController.swift in Sources */,
				2624C7871F27AABA00EFFF1C /* IBLWebDomain.swift in Sources */,
				263F98461F30D02F00906749 /* IBLExchangePasswordDomain.swift in Sources */,
				26FE237F1F162F10007A53DF /* IBLLoginDomain.swift in Sources */,
				2624C7891F27ADA400EFFF1C /* IBLMainDomain.swift in Sources */,
				260000361F33510E00FB8E26 /* IBLRegisterViewController.swift in Sources */,
				26FE23791F1627BE007A53DF /* IBLSchoolViewModel.swift in Sources */,
				263019FB1EE53ADB0002061E /* IBLLoginViewModel.swift in Sources */,
				26258CE31F1514CA00FA318F /* IBLSchoolViewController.swift in Sources */,
				2606F2FF1F1FB216002477E2 /* Extension+PFSDomain.swift in Sources */,
				2624C7811F279D3200EFFF1C /* IBLMessageViewController.swift in Sources */,
				5B875197097BB06BEB97D8EE /* IBLRootViewController.swift in Sources */,
				5B8754E8747EE9AB0B7850E5 /* IBLRootViewModel.swift in Sources */,
				5B8758CB64DC71045EB1A22C /* PortalAuth.swift in Sources */,
				5B875D30EC5F0EA6A2F35BA5 /* PFSWebViewController.swift in Sources */,
				5B8752D122E779B8E0EE29AA /* IBLForgetPasswordViewModel.swift in Sources */,
			);
			runOnlyForDeploymentPostprocessing = 0;
		};
		26F9498A1EDE935900E81192 /* Sources */ = {
			isa = PBXSourcesBuildPhase;
			buildActionMask = 2147483647;
			files = (
				26F949931EDE935900E81192 /* IBLNetAssistantTests.swift in Sources */,
			);
			runOnlyForDeploymentPostprocessing = 0;
		};
		26F949951EDE935900E81192 /* Sources */ = {
			isa = PBXSourcesBuildPhase;
			buildActionMask = 2147483647;
			files = (
				26F9499E1EDE935900E81192 /* IBLNetAssistantUITests.swift in Sources */,
			);
			runOnlyForDeploymentPostprocessing = 0;
		};
/* End PBXSourcesBuildPhase section */

/* Begin PBXTargetDependency section */
		26F949901EDE935900E81192 /* PBXTargetDependency */ = {
			isa = PBXTargetDependency;
			target = 26F949791EDE935900E81192 /* IBLNetAssistant */;
			targetProxy = 26F9498F1EDE935900E81192 /* PBXContainerItemProxy */;
		};
		26F9499B1EDE935900E81192 /* PBXTargetDependency */ = {
			isa = PBXTargetDependency;
			target = 26F949791EDE935900E81192 /* IBLNetAssistant */;
			targetProxy = 26F9499A1EDE935900E81192 /* PBXContainerItemProxy */;
		};
/* End PBXTargetDependency section */

/* Begin PBXVariantGroup section */
		263477F81F092C0E0074D89C /* Backup.storyboard */ = {
			isa = PBXVariantGroup;
			children = (
				263477F91F092C0E0074D89C /* Base */,
			);
			name = Backup.storyboard;
			sourceTree = "<group>";
		};
		26F949811EDE935900E81192 /* Main.storyboard */ = {
			isa = PBXVariantGroup;
			children = (
				26F949821EDE935900E81192 /* Base */,
			);
			name = Main.storyboard;
			sourceTree = "<group>";
		};
		26F949861EDE935900E81192 /* LaunchScreen.storyboard */ = {
			isa = PBXVariantGroup;
			children = (
				26F949871EDE935900E81192 /* Base */,
			);
			name = LaunchScreen.storyboard;
			sourceTree = "<group>";
		};
/* End PBXVariantGroup section */

/* Begin XCBuildConfiguration section */
		26F949A01EDE935900E81192 /* Debug */ = {
			isa = XCBuildConfiguration;
			buildSettings = {
				ALWAYS_SEARCH_USER_PATHS = NO;
				CLANG_ANALYZER_NONNULL = YES;
				CLANG_ANALYZER_NUMBER_OBJECT_CONVERSION = YES_AGGRESSIVE;
				CLANG_CXX_LANGUAGE_STANDARD = "gnu++0x";
				CLANG_CXX_LIBRARY = "libc++";
				CLANG_ENABLE_MODULES = YES;
				CLANG_ENABLE_OBJC_ARC = YES;
				CLANG_WARN_BOOL_CONVERSION = YES;
				CLANG_WARN_CONSTANT_CONVERSION = YES;
				CLANG_WARN_DIRECT_OBJC_ISA_USAGE = YES_ERROR;
				CLANG_WARN_DOCUMENTATION_COMMENTS = YES;
				CLANG_WARN_EMPTY_BODY = YES;
				CLANG_WARN_ENUM_CONVERSION = YES;
				CLANG_WARN_INFINITE_RECURSION = YES;
				CLANG_WARN_INT_CONVERSION = YES;
				CLANG_WARN_OBJC_ROOT_CLASS = YES_ERROR;
				CLANG_WARN_SUSPICIOUS_MOVE = YES;
				CLANG_WARN_UNREACHABLE_CODE = YES;
				CLANG_WARN__DUPLICATE_METHOD_MATCH = YES;
				"CODE_SIGN_IDENTITY[sdk=iphoneos*]" = "iPhone Developer";
				COPY_PHASE_STRIP = NO;
				DEBUG_INFORMATION_FORMAT = dwarf;
				ENABLE_STRICT_OBJC_MSGSEND = YES;
				ENABLE_TESTABILITY = YES;
				GCC_C_LANGUAGE_STANDARD = gnu99;
				GCC_DYNAMIC_NO_PIC = NO;
				GCC_NO_COMMON_BLOCKS = YES;
				GCC_OPTIMIZATION_LEVEL = 0;
				GCC_PREPROCESSOR_DEFINITIONS = (
					"DEBUG=1",
					"$(inherited)",
				);
				GCC_WARN_64_TO_32_BIT_CONVERSION = YES;
				GCC_WARN_ABOUT_RETURN_TYPE = YES_ERROR;
				GCC_WARN_UNDECLARED_SELECTOR = YES;
				GCC_WARN_UNINITIALIZED_AUTOS = YES_AGGRESSIVE;
				GCC_WARN_UNUSED_FUNCTION = YES;
				GCC_WARN_UNUSED_VARIABLE = YES;
				IPHONEOS_DEPLOYMENT_TARGET = 10.3;
				MTL_ENABLE_DEBUG_INFO = YES;
				ONLY_ACTIVE_ARCH = YES;
				SDKROOT = iphoneos;
				SWIFT_ACTIVE_COMPILATION_CONDITIONS = DEBUG;
				SWIFT_OPTIMIZATION_LEVEL = "-Onone";
				TARGETED_DEVICE_FAMILY = "1,2";
			};
			name = Debug;
		};
		26F949A11EDE935900E81192 /* Release */ = {
			isa = XCBuildConfiguration;
			buildSettings = {
				ALWAYS_SEARCH_USER_PATHS = NO;
				CLANG_ANALYZER_NONNULL = YES;
				CLANG_ANALYZER_NUMBER_OBJECT_CONVERSION = YES_AGGRESSIVE;
				CLANG_CXX_LANGUAGE_STANDARD = "gnu++0x";
				CLANG_CXX_LIBRARY = "libc++";
				CLANG_ENABLE_MODULES = YES;
				CLANG_ENABLE_OBJC_ARC = YES;
				CLANG_WARN_BOOL_CONVERSION = YES;
				CLANG_WARN_CONSTANT_CONVERSION = YES;
				CLANG_WARN_DIRECT_OBJC_ISA_USAGE = YES_ERROR;
				CLANG_WARN_DOCUMENTATION_COMMENTS = YES;
				CLANG_WARN_EMPTY_BODY = YES;
				CLANG_WARN_ENUM_CONVERSION = YES;
				CLANG_WARN_INFINITE_RECURSION = YES;
				CLANG_WARN_INT_CONVERSION = YES;
				CLANG_WARN_OBJC_ROOT_CLASS = YES_ERROR;
				CLANG_WARN_SUSPICIOUS_MOVE = YES;
				CLANG_WARN_UNREACHABLE_CODE = YES;
				CLANG_WARN__DUPLICATE_METHOD_MATCH = YES;
				"CODE_SIGN_IDENTITY[sdk=iphoneos*]" = "iPhone Developer";
				COPY_PHASE_STRIP = NO;
				DEBUG_INFORMATION_FORMAT = "dwarf-with-dsym";
				ENABLE_NS_ASSERTIONS = NO;
				ENABLE_STRICT_OBJC_MSGSEND = YES;
				GCC_C_LANGUAGE_STANDARD = gnu99;
				GCC_NO_COMMON_BLOCKS = YES;
				GCC_WARN_64_TO_32_BIT_CONVERSION = YES;
				GCC_WARN_ABOUT_RETURN_TYPE = YES_ERROR;
				GCC_WARN_UNDECLARED_SELECTOR = YES;
				GCC_WARN_UNINITIALIZED_AUTOS = YES_AGGRESSIVE;
				GCC_WARN_UNUSED_FUNCTION = YES;
				GCC_WARN_UNUSED_VARIABLE = YES;
				IPHONEOS_DEPLOYMENT_TARGET = 10.3;
				MTL_ENABLE_DEBUG_INFO = NO;
				SDKROOT = iphoneos;
				SWIFT_OPTIMIZATION_LEVEL = "-Owholemodule";
				TARGETED_DEVICE_FAMILY = "1,2";
				VALIDATE_PRODUCT = YES;
			};
			name = Release;
		};
		26F949A31EDE935900E81192 /* Debug */ = {
			isa = XCBuildConfiguration;
			baseConfigurationReference = 6F6FB8DBDF202031B96D08BB /* Pods-IBLNetAssistant.debug.xcconfig */;
			buildSettings = {
				ASSETCATALOG_COMPILER_APPICON_NAME = AppIcon;
				DEVELOPMENT_TEAM = 5R5G2D4E69;
				INFOPLIST_FILE = IBLNetAssistant/Info.plist;
				IPHONEOS_DEPLOYMENT_TARGET = 9.0;
				LD_RUNPATH_SEARCH_PATHS = "$(inherited) @executable_path/Frameworks";
				OTHER_SWIFT_FLAGS = "$(inherited) \"-D\" \"COCOAPODS\" -Xfrontend -disable-availability-checking";
				PRODUCT_BUNDLE_IDENTIFIER = com.ibilling.IBLNetAssistant;
				PRODUCT_NAME = "$(TARGET_NAME)";
				SWIFT_OBJC_BRIDGING_HEADER = "$(SRCROOT)/IBLNetAssistant/IBLNetAssistant-Bridging-Header.h";
				SWIFT_SWIFT3_OBJC_INFERENCE = On;
				SWIFT_VERSION = 3.0;
				TARGETED_DEVICE_FAMILY = 1;
			};
			name = Debug;
		};
		26F949A41EDE935900E81192 /* Release */ = {
			isa = XCBuildConfiguration;
			baseConfigurationReference = 7B77012C48730505534365DF /* Pods-IBLNetAssistant.release.xcconfig */;
			buildSettings = {
				ASSETCATALOG_COMPILER_APPICON_NAME = AppIcon;
				DEVELOPMENT_TEAM = 5R5G2D4E69;
				INFOPLIST_FILE = IBLNetAssistant/Info.plist;
				IPHONEOS_DEPLOYMENT_TARGET = 9.0;
				LD_RUNPATH_SEARCH_PATHS = "$(inherited) @executable_path/Frameworks";
				OTHER_SWIFT_FLAGS = "$(inherited) \"-D\" \"COCOAPODS\" -Xfrontend -disable-availability-checking";
				PRODUCT_BUNDLE_IDENTIFIER = com.ibilling.IBLNetAssistant;
				PRODUCT_NAME = "$(TARGET_NAME)";
				SWIFT_OBJC_BRIDGING_HEADER = "$(SRCROOT)/IBLNetAssistant/IBLNetAssistant-Bridging-Header.h";
				SWIFT_SWIFT3_OBJC_INFERENCE = On;
				SWIFT_VERSION = 3.0;
				TARGETED_DEVICE_FAMILY = 1;
			};
			name = Release;
		};
		26F949A61EDE935900E81192 /* Debug */ = {
			isa = XCBuildConfiguration;
			baseConfigurationReference = CABE148D568FA9D5A8304013 /* Pods-IBLNetAssistantTests.debug.xcconfig */;
			buildSettings = {
				ALWAYS_EMBED_SWIFT_STANDARD_LIBRARIES = YES;
				BUNDLE_LOADER = "$(TEST_HOST)";
				DEVELOPMENT_TEAM = 5R5G2D4E69;
				INFOPLIST_FILE = IBLNetAssistantTests/Info.plist;
				LD_RUNPATH_SEARCH_PATHS = "$(inherited) @executable_path/Frameworks @loader_path/Frameworks";
				PRODUCT_BUNDLE_IDENTIFIER = com.ibilling.IBLNetAssistant.IBLNetAssistantTests;
				PRODUCT_NAME = "$(TARGET_NAME)";
				SWIFT_SWIFT3_OBJC_INFERENCE = On;
				SWIFT_VERSION = 4.0;
				TEST_HOST = "$(BUILT_PRODUCTS_DIR)/IBLNetAssistant.app/IBLNetAssistant";
			};
			name = Debug;
		};
		26F949A71EDE935900E81192 /* Release */ = {
			isa = XCBuildConfiguration;
			baseConfigurationReference = FA18A1E945500F1E6FE0C161 /* Pods-IBLNetAssistantTests.release.xcconfig */;
			buildSettings = {
				ALWAYS_EMBED_SWIFT_STANDARD_LIBRARIES = YES;
				BUNDLE_LOADER = "$(TEST_HOST)";
				DEVELOPMENT_TEAM = 5R5G2D4E69;
				INFOPLIST_FILE = IBLNetAssistantTests/Info.plist;
				LD_RUNPATH_SEARCH_PATHS = "$(inherited) @executable_path/Frameworks @loader_path/Frameworks";
				PRODUCT_BUNDLE_IDENTIFIER = com.ibilling.IBLNetAssistant.IBLNetAssistantTests;
				PRODUCT_NAME = "$(TARGET_NAME)";
				SWIFT_SWIFT3_OBJC_INFERENCE = On;
				SWIFT_VERSION = 4.0;
				TEST_HOST = "$(BUILT_PRODUCTS_DIR)/IBLNetAssistant.app/IBLNetAssistant";
			};
			name = Release;
		};
		26F949A91EDE935900E81192 /* Debug */ = {
			isa = XCBuildConfiguration;
			baseConfigurationReference = 1BBF0AF86C69FD1FB6AEE6D0 /* Pods-IBLNetAssistantUITests.debug.xcconfig */;
			buildSettings = {
				ALWAYS_EMBED_SWIFT_STANDARD_LIBRARIES = YES;
				DEVELOPMENT_TEAM = 5R5G2D4E69;
				INFOPLIST_FILE = IBLNetAssistantUITests/Info.plist;
				LD_RUNPATH_SEARCH_PATHS = "$(inherited) @executable_path/Frameworks @loader_path/Frameworks";
				PRODUCT_BUNDLE_IDENTIFIER = com.ibilling.IBLNetAssistant.IBLNetAssistantUITests;
				PRODUCT_NAME = "$(TARGET_NAME)";
				SWIFT_SWIFT3_OBJC_INFERENCE = On;
				SWIFT_VERSION = 4.0;
				TEST_TARGET_NAME = IBLNetAssistant;
			};
			name = Debug;
		};
		26F949AA1EDE935900E81192 /* Release */ = {
			isa = XCBuildConfiguration;
			baseConfigurationReference = 68EC41247E9B863FF4A44F22 /* Pods-IBLNetAssistantUITests.release.xcconfig */;
			buildSettings = {
				ALWAYS_EMBED_SWIFT_STANDARD_LIBRARIES = YES;
				DEVELOPMENT_TEAM = 5R5G2D4E69;
				INFOPLIST_FILE = IBLNetAssistantUITests/Info.plist;
				LD_RUNPATH_SEARCH_PATHS = "$(inherited) @executable_path/Frameworks @loader_path/Frameworks";
				PRODUCT_BUNDLE_IDENTIFIER = com.ibilling.IBLNetAssistant.IBLNetAssistantUITests;
				PRODUCT_NAME = "$(TARGET_NAME)";
				SWIFT_SWIFT3_OBJC_INFERENCE = On;
				SWIFT_VERSION = 4.0;
				TEST_TARGET_NAME = IBLNetAssistant;
			};
			name = Release;
		};
/* End XCBuildConfiguration section */

/* Begin XCConfigurationList section */
		26F949751EDE935900E81192 /* Build configuration list for PBXProject "IBLNetAssistant" */ = {
			isa = XCConfigurationList;
			buildConfigurations = (
				26F949A01EDE935900E81192 /* Debug */,
				26F949A11EDE935900E81192 /* Release */,
			);
			defaultConfigurationIsVisible = 0;
			defaultConfigurationName = Release;
		};
		26F949A21EDE935900E81192 /* Build configuration list for PBXNativeTarget "IBLNetAssistant" */ = {
			isa = XCConfigurationList;
			buildConfigurations = (
				26F949A31EDE935900E81192 /* Debug */,
				26F949A41EDE935900E81192 /* Release */,
			);
			defaultConfigurationIsVisible = 0;
			defaultConfigurationName = Release;
		};
		26F949A51EDE935900E81192 /* Build configuration list for PBXNativeTarget "IBLNetAssistantTests" */ = {
			isa = XCConfigurationList;
			buildConfigurations = (
				26F949A61EDE935900E81192 /* Debug */,
				26F949A71EDE935900E81192 /* Release */,
			);
			defaultConfigurationIsVisible = 0;
			defaultConfigurationName = Release;
		};
		26F949A81EDE935900E81192 /* Build configuration list for PBXNativeTarget "IBLNetAssistantUITests" */ = {
			isa = XCConfigurationList;
			buildConfigurations = (
				26F949A91EDE935900E81192 /* Debug */,
				26F949AA1EDE935900E81192 /* Release */,
			);
			defaultConfigurationIsVisible = 0;
			defaultConfigurationName = Release;
		};
/* End XCConfigurationList section */
	};
	rootObject = 26F949721EDE935900E81192 /* Project object */;
}
